# This file is automatically @generated by Poetry 2.1.1 and should not be changed by hand.

[[package]]
name = "importlib-metadata"
version = "9.0.0"
description = "Read metadata from Python packages"
optional = false
python-versions = ">=3.10"
groups = ["main"]
files = [
    {file = "importlib_metadata-9.0.0-py3-none-any.whl", hash = "sha256:2d21d1cc5a017bd0559e36150c21c830ab1dc304dedd1b7ea85d20f45ef3edd7"},
    {file = "importlib_metadata-9.0.0.tar.gz", hash = "sha256:a4f57ab599e6a2e3016d7595cfd72eb4661a5106e787a95bcc90c7105b831efc"},
]

[package.dependencies]
zipp = ">=3.20"

[package.extras]
check = ["pytest-checkdocs (>=2.14)", "pytest-ruff (>=0.2.1) ; sys_platform != \"cygwin\""]
cover = ["pytest-cov"]
doc = ["furo", "jaraco.packaging (>=9.3)", "jaraco.tidelift (>=1.4)", "rst.linker (>=1.9)", "sphinx (>=3.5)", "sphinx-lint"]
enabler = ["pytest-enabler (>=3.4)"]
perf = ["ipython"]
test = ["packaging", "pyfakefs", "pytest (>=6,!=8.1.*)", "pytest-perf (>=0.9.2)"]
type = ["pytest-mypy (>=1.0.1) ; platform_python_implementation != \"PyPy\""]

[[package]]
name = "iteround"
version = "1.0.4"
description = "Rounds iterables (arrays, lists, sets, etc) while maintaining the sum of the initial array."
optional = false
python-versions = "*"
groups = ["main"]
files = [
    {file = "iteround-1.0.4-py3-none-any.whl", hash = "sha256:17947dd5479177e6fb186b0a3d5d594b55eedea14dc722c6da7e84bbed45f5b2"},
]

[[package]]
name = "linkify-it-py"
version = "2.1.0"
description = "Links recognition library with FULL unicode support."
optional = false
python-versions = ">=3.10"
groups = ["main"]
files = [
    {file = "linkify_it_py-2.1.0-py3-none-any.whl", hash = "sha256:0d252c1594ecba2ecedc444053db5d3a9b7ec1b0dd929c8f1d74dce89f86c05e"},
    {file = "linkify_it_py-2.1.0.tar.gz", hash = "sha256:43360231720999c10e9328dc3691160e27a718e280673d444c38d7d3aaa3b98b"},
]

[package.dependencies]
uc-micro-py = "*"

[package.extras]
benchmark = ["pytest", "pytest-benchmark"]
dev = ["black", "flake8", "isort", "pre-commit", "pyproject-flake8"]
doc = ["myst-parser", "sphinx", "sphinx_book_theme"]
test = ["coverage", "pytest", "pytest-cov"]

[[package]]
name = "markdown-it-py"
version = "4.0.0"
description = "Python port of markdown-it. Markdown parsing, done right!"
optional = false
python-versions = ">=3.10"
groups = ["main"]
files = [
    {file = "markdown_it_py-4.0.0-py3-none-any.whl", hash = "sha256:87327c59b172c5011896038353a81343b6754500a08cd7a4973bb48c6d578147"},
    {file = "markdown_it_py-4.0.0.tar.gz", hash = "sha256:cb0a2b4aa34f932c007117b194e945bd74e0ec24133ceb5bac59009cda1cb9f3"},
]

[package.dependencies]
linkify-it-py = {version = ">=1,<3", optional = true, markers = "extra == \"linkify\""}
mdit-py-plugins = {version = ">=0.5.0", optional = true, markers = "extra == \"plugins\""}
mdurl = ">=0.1,<1.0"

[package.extras]
benchmarking = ["psutil", "pytest", "pytest-benchmark"]
compare = ["commonmark (>=0.9,<1.0)", "markdown (>=3.4,<4.0)", "markdown-it-pyrs", "mistletoe (>=1.0,<2.0)", "mistune (>=3.0,<4.0)", "panflute (>=2.3,<3.0)"]
linkify = ["linkify-it-py (>=1,<3)"]
plugins = ["mdit-py-plugins (>=0.5.0)"]
profiling = ["gprof2dot"]
rtd = ["ipykernel", "jupyter_sphinx", "mdit-py-plugins (>=0.5.0)", "myst-parser", "pyyaml", "sphinx", "sphinx-book-theme (>=1.0,<2.0)", "sphinx-copybutton", "sphinx-design"]
testing = ["coverage", "pytest", "pytest-cov", "pytest-regressions", "requests"]

[[package]]
name = "mdit-py-plugins"
version = "0.5.0"
description = "Collection of plugins for markdown-it-py"
optional = false
python-versions = ">=3.10"
groups = ["main"]
files = [
    {file = "mdit_py_plugins-0.5.0-py3-none-any.whl", hash = "sha256:07a08422fc1936a5d26d146759e9155ea466e842f5ab2f7d2266dd084c8dab1f"},
    {file = "mdit_py_plugins-0.5.0.tar.gz", hash = "sha256:f4918cb50119f50446560513a8e311d574ff6aaed72606ddae6d35716fe809c6"},
]

[package.dependencies]
markdown-it-py = ">=2.0.0,<5.0.0"

[package.extras]
code-style = ["pre-commit"]
rtd = ["myst-parser", "sphinx-book-theme"]
testing = ["coverage", "pytest", "pytest-cov", "pytest-regressions"]

[[package]]
name = "mdurl"
version = "0.1.2"
description = "Markdown URL utilities"
optional = false
python-versions = ">=3.7"
groups = ["main"]
files = [
    {file = "mdurl-0.1.2-py3-none-any.whl", hash = "sha256:84008a41e51615a49fc9966191ff91509e3c40b939176e643fd50a5c2196b8f8"},
    {file = "mdurl-0.1.2.tar.gz", hash = "sha256:bb413d29f5eea38f31dd4754dd7377d4465116fb207585f97bf925588687c1ba"},
]

[[package]]
name = "protobuf"
version = "4.25.9"
description = ""
optional = false
python-versions = ">=3.8"
groups = ["main"]
files = [
    {file = "protobuf-4.25.9-cp310-abi3-win32.whl", hash = "sha256:bde396f568b0b46fc8fbfe9f02facf25b6755b2578a3b8ac61e74b9d69499e03"},
    {file = "protobuf-4.25.9-cp310-abi3-win_amd64.whl", hash = "sha256:3683c05154252206f7cb2d371626514b3708199d9bcf683b503dabf3a2e38e06"},
    {file = "protobuf-4.25.9-cp37-abi3-macosx_10_9_universal2.whl", hash = "sha256:9560813560e6ee72c11ca8873878bdb7ee003c96a57ebb013245fe84e2540904"},
    {file = "protobuf-4.25.9-cp37-abi3-manylinux2014_aarch64.whl", hash = "sha256:999146ef02e7fa6a692477badd1528bcd7268df211852a3df2d834ba2b480791"},
    {file = "protobuf-4.25.9-cp37-abi3-manylinux2014_x86_64.whl", hash = "sha256:438c636de8fb706a0de94a12a268ef1ae8f5ba5ae655a7671fcda5968ba3c9be"},
    {file = "protobuf-4.25.9-cp38-cp38-win32.whl", hash = "sha256:7f7c1abcea3fc215918fba67a2d2a80fbcccc0f84159610eb187e9bbe6f939ee"},
    {file = "protobuf-4.25.9-cp38-cp38-win_amd64.whl", hash = "sha256:79faf4e5a80b231d94dcf3a0a2917ccbacf0f586f12c9b9c91794b41b913a853"},
    {file = "protobuf-4.25.9-cp39-cp39-win32.whl", hash = "sha256:9481e80e8cffb1c492c68e7c4e6726f4ad02eebc4fa97ead7beebeaa3639511d"},
    {file = "protobuf-4.25.9-cp39-cp39-win_amd64.whl", hash = "sha256:b1d467352de666dc1b6d5740b6319d9c08cab7b21b452501e4ee5b0ac5156780"},
    {file = "protobuf-4.25.9-py3-none-any.whl", hash = "sha256:d49b615e7c935194ac161f0965699ac84df6112c378e05ec53da65d2e4cbb6d4"},
    {file = "protobuf-4.25.9.tar.gz", hash = "sha256:b0dc7e7c68de8b1ce831dacb12fb407e838edbb8b6cc0dc3a2a6b4cbf6de9cff"},
]

[[package]]
name = "pygments"
version = "2.19.2"
description = "Pygments is a syntax highlighting package written in Python."
optional = false
python-versions = ">=3.8"
groups = ["main"]
files = [
    {file = "pygments-2.19.2-py3-none-any.whl", hash = "sha256:86540386c03d588bb81d44bc3928634ff26449851e99741617ecb9037ee5ec0b"},
    {file = "pygments-2.19.2.tar.gz", hash = "sha256:636cb2477cec7f8952536970bc533bc43743542f70392ae026374600add5b887"},
]

[package.extras]
windows-terminal = ["colorama (>=0.4.6)"]

[[package]]
name = "rich"
version = "13.9.4"
description = "Render rich text, tables, progress bars, syntax highlighting, markdown and more to the terminal"
optional = false
python-versions = ">=3.8.0"
groups = ["main"]
files = [
    {file = "rich-13.9.4-py3-none-any.whl", hash = "sha256:6049d5e6ec054bf2779ab3358186963bac2ea89175919d699e378b99738c2a90"},
    {file = "rich-13.9.4.tar.gz", hash = "sha256:439594978a49a09530cff7ebc4b5c7103ef57baf48d5ea3184f21d9a2befa098"},
]

[package.dependencies]
markdown-it-py = ">=2.2.0"
pygments = ">=2.13.0,<3.0.0"
typing-extensions = {version = ">=4.0.0,<5.0", markers = "python_version < \"3.11\""}

[package.extras]
jupyter = ["ipywidgets (>=7.5.1,<9)"]

[[package]]
name = "textual"
version = "0.37.1"
description = "Modern Text User Interface framework"
optional = false
python-versions = ">=3.7,<4.0"
groups = ["main"]
files = [
    {file = "textual-0.37.1-py3-none-any.whl", hash = "sha256:bbedebd9bf245523dc07d1a883ce4178133cfe1d3c3e030a2224359128f177b7"},
    {file = "textual-0.37.1.tar.gz", hash = "sha256:0498894da7f4af5cac62d99e412e9d813e784f7a87834dd29aa656d31d068760"},
]

[package.dependencies]
importlib-metadata = ">=4.11.3"
markdown-it-py = {version = ">=2.1.0", extras = ["linkify", "plugins"]}
rich = ">=13.3.3"
typing-extensions = ">=4.4.0,<5.0.0"

[[package]]
name = "typing-extensions"
version = "4.15.0"
description = "Backported and Experimental Type Hints for Python 3.9+"
optional = false
python-versions = ">=3.9"
groups = ["main"]
files = [
    {file = "typing_extensions-4.15.0-py3-none-any.whl", hash = "sha256:f0fa19c6845758ab08074a0cfa8b7aecb71c999ca73d62883bc25cc018c4e548"},
    {file = "typing_extensions-4.15.0.tar.gz", hash = "sha256:0cea48d173cc12fa28ecabc3b837ea3cf6f38c6d1136f85cbaaf598984861466"},
]

[[package]]
name = "uc-micro-py"
version = "2.0.0"
description = "Micro subset of unicode data files for linkify-it-py projects."
optional = false
python-versions = ">=3.10"
groups = ["main"]
files = [
    {file = "uc_micro_py-2.0.0-py3-none-any.whl", hash = "sha256:3603a3859af53e5a39bc7677713c78ea6589ff188d70f4fee165db88e22b242c"},
    {file = "uc_micro_py-2.0.0.tar.gz", hash = "sha256:c53691e495c8db60e16ffc4861a35469b0ba0821fe409a8a7a0a71864d33a811"},
]

[package.extras]
test = ["coverage", "pytest", "pytest-cov"]

[[package]]
name = "zipp"
version = "3.23.0"
description = "Backport of pathlib-compatible object wrapper for zip files"
optional = false
python-versions = ">=3.9"
groups = ["main"]
files = [
    {file = "zipp-3.23.0-py3-none-any.whl", hash = "sha256:071652d6115ed432f5ce1d34c336c0adfd6a884660d1e9712a256d3d3bd4b14e"},
    {file = "zipp-3.23.0.tar.gz", hash = "sha256:a07157588a12518c9d4034df3fbbee09c814741a33ff63c05fa29d26a2404166"},
]

[package.extras]
check = ["pytest-checkdocs (>=2.4)", "pytest-ruff (>=0.2.1) ; sys_platform != \"cygwin\""]
cover = ["pytest-cov"]
doc = ["furo", "jaraco.packaging (>=9.3)", "jaraco.tidelift (>=1.4)", "rst.linker (>=1.9)", "sphinx (>=3.5)", "sphinx-lint"]
enabler = ["pytest-enabler (>=2.2)"]
test = ["big-O", "jaraco.functools", "jaraco.itertools", "jaraco.test", "more_itertools", "pytest (>=6,!=8.1.*)", "pytest-ignore-flaky"]
type = ["pytest-mypy"]

[metadata]
lock-version = "2.1"
python-versions = "^3.10"
content-hash = "6b4f6dfabac08e058b69fda75dd8f1b1c37b4f69eaef4829bb571d3afc01a15f"
